// !$*UTF8*$!
{
	archiveVersion = 1;
	classes = {
	};
	objectVersion = 50;
	objects = {

/* Begin PBXBuildFile section */
		CEBDCAE227C5711C00EFBA2E /* AppDelegate.swift in Sources */ = {isa = PBXBuildFile; fileRef = CEBDCAE127C5711C00EFBA2E /* AppDelegate.swift */; };
		CEBDCAE427C5711C00EFBA2E /* SceneDelegate.swift in Sources */ = {isa = PBXBuildFile; fileRef = CEBDCAE327C5711C00EFBA2E /* SceneDelegate.swift */; };
		CEBDCAE627C5711C00EFBA2E /* ContentView.swift in Sources */ = {isa = PBXBuildFile; fileRef = CEBDCAE527C5711C00EFBA2E /* ContentView.swift */; };
		CEBDCAE827C5712900EFBA2E /* Assets.xcassets in Resources */ = {isa = PBXBuildFile; fileRef = CEBDCAE727C5712900EFBA2E /* Assets.xcassets */; };
		CEBDCAEB27C5712900EFBA2E /* Preview Assets.xcassets in Resources */ = {isa = PBXBuildFile; fileRef = CEBDCAEA27C5712900EFBA2E /* Preview Assets.xcassets */; };
		CEBDCAEE27C5712900EFBA2E /* LaunchScreen.storyboard in Resources */ = {isa = PBXBuildFile; fileRef = CEBDCAEC27C5712900EFBA2E /* LaunchScreen.storyboard */; };
/* End PBXBuildFile section */

/* Begin PBXFileReference section */
		CEBDCADE27C5711C00EFBA2E /* lab03-calc-asriyan483.app */ = {isa = PBXFileReference; explicitFileType = wrapper.application; includeInIndex = 0; path = "lab03-calc-asriyan483.app"; sourceTree = BUILT_PRODUCTS_DIR; };
		CEBDCAE127C5711C00EFBA2E /* AppDelegate.swift */ = {isa = PBXFileReference; lastKnownFileType = sourcecode.swift; path = AppDelegate.swift; sourceTree = "<group>"; };
		CEBDCAE327C5711C00EFBA2E /* SceneDelegate.swift */ = {isa = PBXFileReference; lastKnownFileType = sourcecode.swift; path = SceneDelegate.swift; sourceTree = "<group>"; };
		CEBDCAE527C5711C00EFBA2E /* ContentView.swift */ = {isa = PBXFileReference; lastKnownFileType = sourcecode.swift; path = ContentView.swift; sourceTree = "<group>"; };
		CEBDCAE727C5712900EFBA2E /* Assets.xcassets */ = {isa = PBXFileReference; lastKnownFileType = folder.assetcatalog; path = Assets.xcassets; sourceTree = "<group>"; };
		CEBDCAEA27C5712900EFBA2E /* Preview Assets.xcassets */ = {isa = PBXFileReference; lastKnownFileType = folder.assetcatalog; path = "Preview Assets.xcassets"; sourceTree = "<group>"; };
		CEBDCAED27C5712900EFBA2E /* Base */ = {isa = PBXFileReference; lastKnownFileType = file.storyboard; name = Base; path = Base.lproj/LaunchScreen.storyboard; sourceTree = "<group>"; };
		CEBDCAEF27C5712900EFBA2E /* Info.plist */ = {isa = PBXFileReference; lastKnownFileType = text.plist.xml; path = Info.plist; sourceTree = "<group>"; };
/* End PBXFileReference section */

/* Begin PBXFrameworksBuildPhase section */
		CEBDCADB27C5711B00EFBA2E /* Frameworks */ = {
			isa = PBXFrameworksBuildPhase;
			buildActionMask = 2147483647;
			files = (
			);
			runOnlyForDeploymentPostprocessing = 0;
		};
/* End PBXFrameworksBuildPhase section */

/* Begin PBXGroup section */
		CEBDCAD527C5711B00EFBA2E = {
			isa = PBXGroup;
			children = (
				CEBDCAE027C5711C00EFBA2E /* lab03-calc-asriyan483 */,
				CEBDCADF27C5711C00EFBA2E /* Products */,
			);
			sourceTree = "<group>";
		};
		CEBDCADF27C5711C00EFBA2E /* Products */ = {
			isa = PBXGroup;
			children = (
				CEBDCADE27C5711C00EFBA2E /* lab03-calc-asriyan483.app */,
			);
			name = Products;
			sourceTree = "<group>";
		};
		CEBDCAE027C5711C00EFBA2E /* lab03-calc-asriyan483 */ = {
			isa = PBXGroup;
			children = (
				CEBDCAE127C5711C00EFBA2E /* AppDelegate.swift */,
				CEBDCAE327C5711C00EFBA2E /* SceneDelegate.swift */,
				CEBDCAE527C5711C00EFBA2E /* ContentView.swift */,
				CEBDCAE727C5712900EFBA2E /* Assets.xcassets */,
				CEBDCAEC27C5712900EFBA2E /* LaunchScreen.storyboard */,
				CEBDCAEF27C5712900EFBA2E /* Info.plist */,
				CEBDCAE927C5712900EFBA2E /* Preview Content */,
			);
			path = "lab03-calc-asriyan483";
			sourceTree = "<group>";
		};
		CEBDCAE927C5712900EFBA2E /* Preview Content */ = {
			isa = PBXGroup;
			children = (
				CEBDCAEA27C5712900EFBA2E /* Preview Assets.xcassets */,
			);
			path = "Preview Content";
			sourceTree = "<group>";
		};
/* End PBXGroup section */

/* Begin PBXNativeTarget section */
		CEBDCADD27C5711B00EFBA2E /* lab03-calc-asriyan483 */ = {
			isa = PBXNativeTarget;
			buildConfigurationList = CEBDCAF227C5712900EFBA2E /* Build configuration list for PBXNativeTarget "lab03-calc-asriyan483" */;
			buildPhases = (
				CEBDCADA27C5711B00EFBA2E /* Sources */,
				CEBDCADB27C5711B00EFBA2E /* Frameworks */,
				CEBDCADC27C5711B00EFBA2E /* Resources */,
			);
			buildRules = (
			);
			dependencies = (
			);
			name = "lab03-calc-asriyan483";
			productName = "lab03-calc-asriyan483";
			productReference = CEBDCADE27C5711C00EFBA2E /* lab03-calc-asriyan483.app */;
			productType = "com.apple.product-type.application";
		};
/* End PBXNativeTarget section */

/* Begin PBXProject section */
		CEBDCAD627C5711B00EFBA2E /* Project object */ = {
			isa = PBXProject;
			attributes = {
				LastSwiftUpdateCheck = 1170;
				LastUpgradeCheck = 1170;
				ORGANIZATIONNAME = Asriyan;
				TargetAttributes = {
					CEBDCADD27C5711B00EFBA2E = {
						CreatedOnToolsVersion = 11.7;
					};
				};
			};
			buildConfigurationList = CEBDCAD927C5711B00EFBA2E /* Build configuration list for PBXProject "lab03-calc-asriyan483" */;
			compatibilityVersion = "Xcode 9.3";
			developmentRegion = en;
			hasScannedForEncodings = 0;
			knownRegions = (
				en,
				Base,
			);
			mainGroup = CEBDCAD527C5711B00EFBA2E;
			productRefGroup = CEBDCADF27C5711C00EFBA2E /* Products */;
			projectDirPath = "";
			projectRoot = "";
			targets = (
				CEBDCADD27C5711B00EFBA2E /* lab03-calc-asriyan483 */,
			);
		};
/* End PBXProject section */

/* Begin PBXResourcesBuildPhase section */
		CEBDCADC27C5711B00EFBA2E /* Resources */ = {
			isa = PBXResourcesBuildPhase;
			buildActionMask = 2147483647;
			files = (
				CEBDCAEE27C5712900EFBA2E /* LaunchScreen.storyboard in Resources */,
				CEBDCAEB27C5712900EFBA2E /* Preview Assets.xcassets in Resources */,
				CEBDCAE827C5712900EFBA2E /* Assets.xcassets in Resources */,
			);
			runOnlyForDeploymentPostprocessing = 0;
		};
/* End PBXResourcesBuildPhase section */

/* Begin PBXSourcesBuildPhase section */
		CEBDCADA27C5711B00EFBA2E /* Sources */ = {
			isa = PBXSourcesBuildPhase;
			buildActionMask = 2147483647;
			files = (
				CEBDCAE227C5711C00EFBA2E /* AppDelegate.swift in Sources */,
				CEBDCAE427C5711C00EFBA2E /* SceneDelegate.swift in Sources */,
				CEBDCAE627C5711C00EFBA2E /* ContentView.swift in Sources */,
			);
			runOnlyForDeploymentPostprocessing = 0;
		};
/* End PBXSourcesBuildPhase section */

/* Begin PBXVariantGroup section */
		CEBDCAEC27C5712900EFBA2E /* LaunchScreen.storyboard */ = {
			isa = PBXVariantGroup;
			children = (
				CEBDCAED27C5712900EFBA2E /* Base */,
			);
			name = LaunchScreen.storyboard;
			sourceTree = "<group>";
		};
/* End PBXVariantGroup section */

/* Begin XCBuildConfiguration section */
		CEBDCAF027C5712900EFBA2E /* Debug */ = {
			isa = XCBuildConfiguration;
			buildSettings = {
				ALWAYS_SEARCH_USER_PATHS = NO;
				CLANG_ANALYZER_NONNULL = YES;
				CLANG_ANALYZER_NUMBER_OBJECT_CONVERSION = YES_AGGRESSIVE;
				CLANG_CXX_LANGUAGE_STANDARD = "gnu++14";
				CLANG_CXX_LIBRARY = "libc++";
				CLANG_ENABLE_MODULES = YES;
				CLANG_ENABLE_OBJC_ARC = YES;
				CLANG_ENABLE_OBJC_WEAK = YES;
				CLANG_WARN_BLOCK_CAPTURE_AUTORELEASING = YES;
				CLANG_WARN_BOOL_CONVERSION = YES;
				CLANG_WARN_COMMA = YES;
				CLANG_WARN_CONSTANT_CONVERSION = YES;
				CLANG_WARN_DEPRECATED_OBJC_IMPLEMENTATIONS = YES;
				CLANG_WARN_DIRECT_OBJC_ISA_USAGE = YES_ERROR;
				CLANG_WARN_DOCUMENTATION_COMMENTS = YES;
				CLANG_WARN_EMPTY_BODY = YES;
				CLANG_WARN_ENUM_CONVERSION = YES;
				CLANG_WARN_INFINITE_RECURSION = YES;
				CLANG_WARN_INT_CONVERSION = YES;
				CLANG_WARN_NON_LITERAL_NULL_CONVERSION = YES;
				CLANG_WARN_OBJC_IMPLICIT_RETAIN_SELF = YES;
				CLANG_WARN_OBJC_LITERAL_CONVERSION = YES;
				CLANG_WARN_OBJC_ROOT_CLASS = YES_ERROR;
				CLANG_WARN_RANGE_LOOP_ANALYSIS = YES;
				CLANG_WARN_STRICT_PROTOTYPES = YES;
				CLANG_WARN_SUSPICIOUS_MOVE = YES;
				CLANG_WARN_UNGUARDED_AVAILABILITY = YES_AGGRESSIVE;
				CLANG_WARN_UNREACHABLE_CODE = YES;
				CLANG_WARN__DUPLICATE_METHOD_MATCH = YES;
				COPY_PHASE_STRIP = NO;
				DEBUG_INFORMATION_FORMAT = dwarf;
				ENABLE_STRICT_OBJC_MSGSEND = YES;
				ENABLE_TESTABILITY = YES;
				GCC_C_LANGUAGE_STANDARD = gnu11;
				GCC_DYNAMIC_NO_PIC = NO;
				GCC_NO_COMMON_BLOCKS = YES;
				GCC_OPTIMIZATION_LEVEL = 0;
				GCC_PREPROCESSOR_DEFINITIONS = (
					"DEBUG=1",
					"$(inherited)",
				);
				GCC_WARN_64_TO_32_BIT_CONVERSION = YES;
				GCC_WARN_ABOUT_RETURN_TYPE = YES_ERROR;
				GCC_WARN_UNDECLARED_SELECTOR = YES;
				GCC_WARN_UNINITIALIZED_AUTOS = YES_AGGRESSIVE;
				GCC_WARN_UNUSED_FUNCTION = YES;
				GCC_WARN_UNUSED_VARIABLE = YES;
				IPHONEOS_DEPLOYMENT_TARGET = 13.7;
				MTL_ENABLE_DEBUG_INFO = INCLUDE_SOURCE;
				MTL_FAST_MATH = YES;
				ONLY_ACTIVE_ARCH = YES;
				SDKROOT = iphoneos;
				SWIFT_ACTIVE_COMPILATION_CONDITIONS = DEBUG;
				SWIFT_OPTIMIZATION_LEVEL = "-Onone";
			};
			name = Debug;
		};
		CEBDCAF127C5712900EFBA2E /* Release */ = {
			isa = XCBuildConfiguration;
			buildSettings = {
				ALWAYS_SEARCH_USER_PATHS = NO;
				CLANG_ANALYZER_NONNULL = YES;
				CLANG_ANALYZER_NUMBER_OBJECT_CONVERSION = YES_AGGRESSIVE;
				CLANG_CXX_LANGUAGE_STANDARD = "gnu++14";
				CLANG_CXX_LIBRARY = "libc++";
				CLANG_ENABLE_MODULES = YES;
				CLANG_ENABLE_OBJC_ARC = YES;
				CLANG_ENABLE_OBJC_WEAK = YES;
				CLANG_WARN_BLOCK_CAPTURE_AUTORELEASING = YES;
				CLANG_WARN_BOOL_CONVERSION = YES;
				CLANG_WARN_COMMA = YES;
				CLANG_WARN_CONSTANT_CONVERSION = YES;
				CLANG_WARN_DEPRECATED_OBJC_IMPLEMENTATIONS = YES;
				CLANG_WARN_DIRECT_OBJC_ISA_USAGE = YES_ERROR;
				CLANG_WARN_DOCUMENTATION_COMMENTS = YES;
				CLANG_WARN_EMPTY_BODY = YES;
				CLANG_WARN_ENUM_CONVERSION = YES;
				CLANG_WARN_INFINITE_RECURSION = YES;
				CLANG_WARN_INT_CONVERSION = YES;
				CLANG_WARN_NON_LITERAL_NULL_CONVERSION = YES;
				CLANG_WARN_OBJC_IMPLICIT_RETAIN_SELF = YES;
				CLANG_WARN_OBJC_LITERAL_CONVERSION = YES;
				CLANG_WARN_OBJC_ROOT_CLASS = YES_ERROR;
				CLANG_WARN_RANGE_LOOP_ANALYSIS = YES;
				CLANG_WARN_STRICT_PROTOTYPES = YES;
				CLANG_WARN_SUSPICIOUS_MOVE = YES;
				CLANG_WARN_UNGUARDED_AVAILABILITY = YES_AGGRESSIVE;
				CLANG_WARN_UNREACHABLE_CODE = YES;
				CLANG_WARN__DUPLICATE_METHOD_MATCH = YES;
				COPY_PHASE_STRIP = NO;
				DEBUG_INFORMATION_FORMAT = "dwarf-with-dsym";
				ENABLE_NS_ASSERTIONS = NO;
				ENABLE_STRICT_OBJC_MSGSEND = YES;
				GCC_C_LANGUAGE_STANDARD = gnu11;
				GCC_NO_COMMON_BLOCKS = YES;
				GCC_WARN_64_TO_32_BIT_CONVERSION = YES;
				GCC_WARN_ABOUT_RETURN_TYPE = YES_ERROR;
				GCC_WARN_UNDECLARED_SELECTOR = YES;
				GCC_WARN_UNINITIALIZED_AUTOS = YES_AGGRESSIVE;
				GCC_WARN_UNUSED_FUNCTION = YES;
				GCC_WARN_UNUSED_VARIABLE = YES;
				IPHONEOS_DEPLOYMENT_TARGET = 13.7;
				MTL_ENABLE_DEBUG_INFO = NO;
				MTL_FAST_MATH = YES;
				SDKROOT = iphoneos;
				SWIFT_COMPILATION_MODE = wholemodule;
				SWIFT_OPTIMIZATION_LEVEL = "-O";
				VALIDATE_PRODUCT = YES;
			};
			name = Release;
		};
		CEBDCAF327C5712900EFBA2E /* Debug */ = {
			isa = XCBuildConfiguration;
			buildSettings = {
				ASSETCATALOG_COMPILER_APPICON_NAME = AppIcon;
				CODE_SIGN_STYLE = Automatic;
				DEVELOPMENT_ASSET_PATHS = "\"lab03-calc-asriyan483/Preview Content\"";
				ENABLE_PREVIEWS = YES;
				INFOPLIST_FILE = "lab03-calc-asriyan483/Info.plist";
				LD_RUNPATH_SEARCH_PATHS = (
					"$(inherited)",
					"@executable_path/Frameworks",
				);
				PRODUCT_BUNDLE_IDENTIFIER = "asriyan483.lab03-calc-asriyan483";
				PRODUCT_NAME = "$(TARGET_NAME)";
				SWIFT_VERSION = 5.0;
				TARGETED_DEVICE_FAMILY = "1,2";
			};
			name = Debug;
		};
		CEBDCAF427C5712900EFBA2E /* Release */ = {
			isa = XCBuildConfiguration;
			buildSettings = {
				ASSETCATALOG_COMPILER_APPICON_NAME = AppIcon;
				CODE_SIGN_STYLE = Automatic;
				DEVELOPMENT_ASSET_PATHS = "\"lab03-calc-asriyan483/Preview Content\"";
				ENABLE_PREVIEWS = YES;
				INFOPLIST_FILE = "lab03-calc-asriyan483/Info.plist";
				LD_RUNPATH_SEARCH_PATHS = (
					"$(inherited)",
					"@executable_path/Frameworks",
				);
				PRODUCT_BUNDLE_IDENTIFIER = "asriyan483.lab03-calc-asriyan483";
				PRODUCT_NAME = "$(TARGET_NAME)";
				SWIFT_VERSION = 5.0;
				TARGETED_DEVICE_FAMILY = "1,2";
			};
			name = Release;
		};
/* End XCBuildConfiguration section */

/* Begin XCConfigurationList section */
		CEBDCAD927C5711B00EFBA2E /* Build configuration list for PBXProject "lab03-calc-asriyan483" */ = {
			isa = XCConfigurationList;
			buildConfigurations = (
				CEBDCAF027C5712900EFBA2E /* Debug */,
				CEBDCAF127C5712900EFBA2E /* Release */,
			);
			defaultConfigurationIsVisible = 0;
			defaultConfigurationName = Release;
		};
		CEBDCAF227C5712900EFBA2E /* Build configuration list for PBXNativeTarget "lab03-calc-asriyan483" */ = {
			isa = XCConfigurationList;
			buildConfigurations = (
				CEBDCAF327C5712900EFBA2E /* Debug */,
				CEBDCAF427C5712900EFBA2E /* Release */,
			);
			defaultConfigurationIsVisible = 0;
			defaultConfigurationName = Release;
		};
/* End XCConfigurationList section */
	};
	rootObject = CEBDCAD627C5711B00EFBA2E /* Project object */;
}
